// !$*UTF8*$!
{
	archiveVersion = 1;
	classes = {
	};
	objectVersion = 46;
	objects = {

/* Begin PBXBuildFile section */
		417B66091D6D355B0095DF48 /* AppDelegate.swift in Sources */ = {isa = PBXBuildFile; fileRef = 417B66081D6D355B0095DF48 /* AppDelegate.swift */; };
		417B660B1D6D355B0095DF48 /* ViewController.swift in Sources */ = {isa = PBXBuildFile; fileRef = 417B660A1D6D355B0095DF48 /* ViewController.swift */; };
		417B660E1D6D355B0095DF48 /* Main.storyboard in Resources */ = {isa = PBXBuildFile; fileRef = 417B660C1D6D355B0095DF48 /* Main.storyboard */; };
		417B66101D6D355B0095DF48 /* Assets.xcassets in Resources */ = {isa = PBXBuildFile; fileRef = 417B660F1D6D355B0095DF48 /* Assets.xcassets */; };
		417B66131D6D355B0095DF48 /* LaunchScreen.storyboard in Resources */ = {isa = PBXBuildFile; fileRef = 417B66111D6D355B0095DF48 /* LaunchScreen.storyboard */; };
/* End PBXBuildFile section */

/* Begin PBXFileReference section */
		417B66051D6D355B0095DF48 /* Udemy_Weather.app */ = {isa = PBXFileReference; explicitFileType = wrapper.application; includeInIndex = 0; path = Udemy_Weather.app; sourceTree = BUILT_PRODUCTS_DIR; };
		417B66081D6D355B0095DF48 /* AppDelegate.swift */ = {isa = PBXFileReference; lastKnownFileType = sourcecode.swift; path = AppDelegate.swift; sourceTree = "<group>"; };
		417B660A1D6D355B0095DF48 /* ViewController.swift */ = {isa = PBXFileReference; lastKnownFileType = sourcecode.swift; path = ViewController.swift; sourceTree = "<group>"; };
		417B660D1D6D355B0095DF48 /* Base */ = {isa = PBXFileReference; lastKnownFileType = file.storyboard; name = Base; path = Base.lproj/Main.storyboard; sourceTree = "<group>"; };
		417B660F1D6D355B0095DF48 /* Assets.xcassets */ = {isa = PBXFileReference; lastKnownFileType = folder.assetcatalog; path = Assets.xcassets; sourceTree = "<group>"; };
		417B66121D6D355B0095DF48 /* Base */ = {isa = PBXFileReference; lastKnownFileType = file.storyboard; name = Base; path = Base.lproj/LaunchScreen.storyboard; sourceTree = "<group>"; };
		417B66141D6D355B0095DF48 /* Info.plist */ = {isa = PBXFileReference; lastKnownFileType = text.plist.xml; path = Info.plist; sourceTree = "<group>"; };
/* End PBXFileReference section */

/* Begin PBXFrameworksBuildPhase section */
		417B66021D6D355B0095DF48 /* Frameworks */ = {
			isa = PBXFrameworksBuildPhase;
			buildActionMask = 2147483647;
			files = (
			);
			runOnlyForDeploymentPostprocessing = 0;
		};
/* End PBXFrameworksBuildPhase section */

/* Begin PBXGroup section */
		417B65FC1D6D355B0095DF48 = {
			isa = PBXGroup;
			children = (
				417B66071D6D355B0095DF48 /* Udemy_Weather */,
				417B66061D6D355B0095DF48 /* Products */,
			);
			sourceTree = "<group>";
		};
		417B66061D6D355B0095DF48 /* Products */ = {
			isa = PBXGroup;
			children = (
				417B66051D6D355B0095DF48 /* Udemy_Weather.app */,
			);
			name = Products;
			sourceTree = "<group>";
		};
		417B66071D6D355B0095DF48 /* Udemy_Weather */ = {
			isa = PBXGroup;
			children = (
				417B66081D6D355B0095DF48 /* AppDelegate.swift */,
				417B660A1D6D355B0095DF48 /* ViewController.swift */,
				417B660C1D6D355B0095DF48 /* Main.storyboard */,
				417B660F1D6D355B0095DF48 /* Assets.xcassets */,
				417B66111D6D355B0095DF48 /* LaunchScreen.storyboard */,
				417B66141D6D355B0095DF48 /* Info.plist */,
			);
			path = Udemy_Weather;
			sourceTree = "<group>";
		};
/* End PBXGroup section */

/* Begin PBXNativeTarget section */
		417B66041D6D355B0095DF48 /* Udemy_Weather */ = {
			isa = PBXNativeTarget;
			buildConfigurationList = 417B66171D6D355B0095DF48 /* Build configuration list for PBXNativeTarget "Udemy_Weather" */;
			buildPhases = (
				417B66011D6D355B0095DF48 /* Sources */,
				417B66021D6D355B0095DF48 /* Frameworks */,
				417B66031D6D355B0095DF48 /* Resources */,
			);
			buildRules = (
			);
			dependencies = (
			);
			name = Udemy_Weather;
			productName = Udemy_Weather;
			productReference = 417B66051D6D355B0095DF48 /* Udemy_Weather.app */;
			productType = "com.apple.product-type.application";
		};
/* End PBXNativeTarget section */

/* Begin PBXProject section */
		417B65FD1D6D355B0095DF48 /* Project object */ = {
			isa = PBXProject;
			attributes = {
				LastSwiftUpdateCheck = 0800;
				LastUpgradeCheck = 0800;
				ORGANIZATIONNAME = "5to9 Studios";
				TargetAttributes = {
					417B66041D6D355B0095DF48 = {
						CreatedOnToolsVersion = 8.0;
						DevelopmentTeam = BQ9D43VRKA;
						ProvisioningStyle = Automatic;
					};
				};
			};
			buildConfigurationList = 417B66001D6D355B0095DF48 /* Build configuration list for PBXProject "Udemy_Weather" */;
			compatibilityVersion = "Xcode 3.2";
			developmentRegion = English;
			hasScannedForEncodings = 0;
			knownRegions = (
				en,
				Base,
			);
			mainGroup = 417B65FC1D6D355B0095DF48;
			productRefGroup = 417B66061D6D355B0095DF48 /* Products */;
			projectDirPath = "";
			projectRoot = "";
			targets = (
				417B66041D6D355B0095DF48 /* Udemy_Weather */,
			);
		};
/* End PBXProject section */

/* Begin PBXResourcesBuildPhase section */
		417B66031D6D355B0095DF48 /* Resources */ = {
			isa = PBXResourcesBuildPhase;
			buildActionMask = 2147483647;
			files = (
				417B66131D6D355B0095DF48 /* LaunchScreen.storyboard in Resources */,
				417B66101D6D355B0095DF48 /* Assets.xcassets in Resources */,
				417B660E1D6D355B0095DF48 /* Main.storyboard in Resources */,
			);
			runOnlyForDeploymentPostprocessing = 0;
		};
/* End PBXResourcesBuildPhase section */

/* Begin PBXSourcesBuildPhase section */
		417B66011D6D355B0095DF48 /* Sources */ = {
			isa = PBXSourcesBuildPhase;
			buildActionMask = 2147483647;
			files = (
				417B660B1D6D355B0095DF48 /* ViewController.swift in Sources */,
				417B66091D6D355B0095DF48 /* AppDelegate.swift in Sources */,
			);
			runOnlyForDeploymentPostprocessing = 0;
		};
/* End PBXSourcesBuildPhase section */

/* Begin PBXVariantGroup section */
		417B660C1D6D355B0095DF48 /* Main.storyboard */ = {
			isa = PBXVariantGroup;
			children = (
				417B660D1D6D355B0095DF48 /* Base */,
			);
			name = Main.storyboard;
			sourceTree = "<group>";
		};
		417B66111D6D355B0095DF48 /* LaunchScreen.storyboard */ = {
			isa = PBXVariantGroup;
			children = (
				417B66121D6D355B0095DF48 /* Base */,
			);
			name = LaunchScreen.storyboard;
			sourceTree = "<group>";
		};
/* End PBXVariantGroup section */

/* Begin XCBuildConfiguration section */
		417B66151D6D355B0095DF48 /* Debug */ = {
			isa = XCBuildConfiguration;
			buildSettings = {
				ALWAYS_SEARCH_USER_PATHS = NO;
				CLANG_ANALYZER_NONNULL = YES;
				CLANG_CXX_LANGUAGE_STANDARD = "gnu++0x";
				CLANG_CXX_LIBRARY = "libc++";
				CLANG_ENABLE_MODULES = YES;
				CLANG_ENABLE_OBJC_ARC = YES;
				CLANG_WARN_BOOL_CONVERSION = YES;
				CLANG_WARN_CONSTANT_CONVERSION = YES;
				CLANG_WARN_DIRECT_OBJC_ISA_USAGE = YES_ERROR;
				CLANG_WARN_DOCUMENTATION_COMMENTS = YES;
				CLANG_WARN_EMPTY_BODY = YES;
				CLANG_WARN_ENUM_CONVERSION = YES;
				CLANG_WARN_INFINITE_RECURSION = YES;
				CLANG_WARN_INT_CONVERSION = YES;
				CLANG_WARN_OBJC_ROOT_CLASS = YES_ERROR;
				CLANG_WARN_SUSPICIOUS_MOVES = YES;
				CLANG_WARN_UNREACHABLE_CODE = YES;
				CLANG_WARN__DUPLICATE_METHOD_MATCH = YES;
				"CODE_SIGN_IDENTITY[sdk=iphoneos*]" = "iPhone Developer";
				COPY_PHASE_STRIP = NO;
				DEBUG_INFORMATION_FORMAT = dwarf;
				ENABLE_STRICT_OBJC_MSGSEND = YES;
				ENABLE_TESTABILITY = YES;
				GCC_C_LANGUAGE_STANDARD = gnu99;
				GCC_DYNAMIC_NO_PIC = NO;
				GCC_NO_COMMON_BLOCKS = YES;
				GCC_OPTIMIZATION_LEVEL = 0;
				GCC_PREPROCESSOR_DEFINITIONS = (
					"DEBUG=1",
					"$(inherited)",
				);
				GCC_WARN_64_TO_32_BIT_CONVERSION = YES;
				GCC_WARN_ABOUT_RETURN_TYPE = YES_ERROR;
				GCC_WARN_UNDECLARED_SELECTOR = YES;
				GCC_WARN_UNINITIALIZED_AUTOS = YES_AGGRESSIVE;
				GCC_WARN_UNUSED_FUNCTION = YES;
				GCC_WARN_UNUSED_VARIABLE = YES;
				IPHONEOS_DEPLOYMENT_TARGET = 10.0;
				MTL_ENABLE_DEBUG_INFO = YES;
				ONLY_ACTIVE_ARCH = YES;
				SDKROOT = iphoneos;
				SWIFT_ACTIVE_COMPILATION_CONDITIONS = DEBUG;
				SWIFT_OPTIMIZATION_LEVEL = "-Onone";
			};
			name = Debug;
		};
		417B66161D6D355B0095DF48 /* Release */ = {
			isa = XCBuildConfiguration;
			buildSettings = {
				ALWAYS_SEARCH_USER_PATHS = NO;
				CLANG_ANALYZER_NONNULL = YES;
				CLANG_CXX_LANGUAGE_STANDARD = "gnu++0x";
				CLANG_CXX_LIBRARY = "libc++";
				CLANG_ENABLE_MODULES = YES;
				CLANG_ENABLE_OBJC_ARC = YES;
				CLANG_WARN_BOOL_CONVERSION = YES;
				CLANG_WARN_CONSTANT_CONVERSION = YES;
				CLANG_WARN_DIRECT_OBJC_ISA_USAGE = YES_ERROR;
				CLANG_WARN_DOCUMENTATION_COMMENTS = YES;
				CLANG_WARN_EMPTY_BODY = YES;
				CLANG_WARN_ENUM_CONVERSION = YES;
				CLANG_WARN_INFINITE_RECURSION = YES;
				CLANG_WARN_INT_CONVERSION = YES;
				CLANG_WARN_OBJC_ROOT_CLASS = YES_ERROR;
				CLANG_WARN_SUSPICIOUS_MOVES = YES;
				CLANG_WARN_UNREACHABLE_CODE = YES;
				CLANG_WARN__DUPLICATE_METHOD_MATCH = YES;
				"CODE_SIGN_IDENTITY[sdk=iphoneos*]" = "iPhone Developer";
				COPY_PHASE_STRIP = NO;
				DEBUG_INFORMATION_FORMAT = "dwarf-with-dsym";
				ENABLE_NS_ASSERTIONS = NO;
				ENABLE_STRICT_OBJC_MSGSEND = YES;
				GCC_C_LANGUAGE_STANDARD = gnu99;
				GCC_NO_COMMON_BLOCKS = YES;
				GCC_WARN_64_TO_32_BIT_CONVERSION = YES;
				GCC_WARN_ABOUT_RETURN_TYPE = YES_ERROR;
				GCC_WARN_UNDECLARED_SELECTOR = YES;
				GCC_WARN_UNINITIALIZED_AUTOS = YES_AGGRESSIVE;
				GCC_WARN_UNUSED_FUNCTION = YES;
				GCC_WARN_UNUSED_VARIABLE = YES;
				IPHONEOS_DEPLOYMENT_TARGET = 10.0;
				MTL_ENABLE_DEBUG_INFO = NO;
				SDKROOT = iphoneos;
				SWIFT_OPTIMIZATION_LEVEL = "-Owholemodule";
				VALIDATE_PRODUCT = YES;
			};
			name = Release;
		};
		417B66181D6D355B0095DF48 /* Debug */ = {
			isa = XCBuildConfiguration;
			buildSettings = {
				ASSETCATALOG_COMPILER_APPICON_NAME = AppIcon;
				DEVELOPMENT_TEAM = BQ9D43VRKA;
				INFOPLIST_FILE = Udemy_Weather/Info.plist;
				LD_RUNPATH_SEARCH_PATHS = "$(inherited) @executable_path/Frameworks";
				PRODUCT_BUNDLE_IDENTIFIER = "com.5to9studios.Udemy-Weather";
				PRODUCT_NAME = "$(TARGET_NAME)";
				SWIFT_VERSION = 3.0;
			};
			name = Debug;
		};
		417B66191D6D355B0095DF48 /* Release */ = {
			isa = XCBuildConfiguration;
			buildSettings = {
				ASSETCATALOG_COMPILER_APPICON_NAME = AppIcon;
				DEVELOPMENT_TEAM = BQ9D43VRKA;
				INFOPLIST_FILE = Udemy_Weather/Info.plist;
				LD_RUNPATH_SEARCH_PATHS = "$(inherited) @executable_path/Frameworks";
				PRODUCT_BUNDLE_IDENTIFIER = "com.5to9studios.Udemy-Weather";
				PRODUCT_NAME = "$(TARGET_NAME)";
				SWIFT_VERSION = 3.0;
			};
			name = Release;
		};
/* End XCBuildConfiguration section */

/* Begin XCConfigurationList section */
		417B66001D6D355B0095DF48 /* Build configuration list for PBXProject "Udemy_Weather" */ = {
			isa = XCConfigurationList;
			buildConfigurations = (
				417B66151D6D355B0095DF48 /* Debug */,
				417B66161D6D355B0095DF48 /* Release */,
			);
			defaultConfigurationIsVisible = 0;
			defaultConfigurationName = Release;
		};
		417B66171D6D355B0095DF48 /* Build configuration list for PBXNativeTarget "Udemy_Weather" */ = {
			isa = XCConfigurationList;
			buildConfigurations = (
				417B66181D6D355B0095DF48 /* Debug */,
				417B66191D6D355B0095DF48 /* Release */,
			);
			defaultConfigurationIsVisible = 0;
		};
/* End XCConfigurationList section */
	};
	rootObject = 417B65FD1D6D355B0095DF48 /* Project object */;
}
